
Microsoft Visual Studio Solution File, Format Version 12.00
# Visual Studio Version 17
VisualStudioVersion = 17.0.32112.339
MinimumVisualStudioVersion = 10.0.40219.1
Project("{9A19103F-16F7-4668-BE54-9A1E7A4F7556}") = "pz5", "pz5\pz5.csproj", "{FC8841C0-C681-4FEE-93B6-4EAE3CC1A02C}"
EndProject
Project("{9A19103F-16F7-4668-BE54-9A1E7A4F7556}") = "pz6", "pz6\pz6.csproj", "{47383C2B-3090-4D9C-8D0C-EC9CC61C1903}"
EndProject
Project("{9A19103F-16F7-4668-BE54-9A1E7A4F7556}") = "pz8", "pz8\pz8.csproj", "{65E56F13-FD74-4BC6-93A5-E8B0FFC7E073}"
EndProject
Project("{9A19103F-16F7-4668-BE54-9A1E7A4F7556}") = "pz9", "pz9\pz9.csproj", "{31E7827B-7219-4FD1-9FB8-870B567CC411}"
EndProject
Project("{9A19103F-16F7-4668-BE54-9A1E7A4F7556}") = "pz10", "pz10\pz10.csproj", "{B9EF3F07-9DCF-4BCE-ABB1-F92D89520FA0}"
EndProject
Project("{9A19103F-16F7-4668-BE54-9A1E7A4F7556}") = "pz12", "pz12\pz12.csproj", "{95CF2E0C-D695-4DC7-A75F-B54E4A786F78}"
EndProject
Project("{9A19103F-16F7-4668-BE54-9A1E7A4F7556}") = "pz14", "pz14\pz14.csproj", "{3F689EC3-09E5-4A95-BC24-44DB87806219}"
EndProject
Project("{9A19103F-16F7-4668-BE54-9A1E7A4F7556}") = "pz_2.3", "pz_2.3\pz_2.3.csproj", "{C54FAD77-A3C7-4DAC-8166-B7DCEBFB907C}"
EndProject
Project("{9A19103F-16F7-4668-BE54-9A1E7A4F7556}") = "pz_calculator", "pz_calculator\pz_calculator.csproj", "{EDE7A5F6-3A72-4A51-991E-EA174345FAFA}"
EndProject
Project("{9A19103F-16F7-4668-BE54-9A1E7A4F7556}") = "PZ_9_Sobitiya", "PZ_9_Sobitiya\PZ_9_Sobitiya.csproj", "{63C9F370-4F25-445D-863C-C795A83FCE16}"
EndProject
Project("{FAE04EC0-301F-11D3-BF4B-00C04F79EFBC}") = "Library_of_random", "Library_of_random\Library_of_random.csproj", "{BB977D1D-BAB2-44E3-B4F5-621D41D2A634}"
EndProject
Project("{FAE04EC0-301F-11D3-BF4B-00C04F79EFBC}") = "Random_Library", "Random_Library\Random_Library.csproj", "{5827E0B1-9914-4F72-8321-FBD7CDA1E2C7}"
EndProject
Global
	GlobalSection(SolutionConfigurationPlatforms) = preSolution
		Debug|Any CPU = Debug|Any CPU
		Release|Any CPU = Release|Any CPU
	EndGlobalSection
	GlobalSection(ProjectConfigurationPlatforms) = postSolution
		{FC8841C0-C681-4FEE-93B6-4EAE3CC1A02C}.Debug|Any CPU.ActiveCfg = Debug|Any CPU
		{FC8841C0-C681-4FEE-93B6-4EAE3CC1A02C}.Debug|Any CPU.Build.0 = Debug|Any CPU
		{FC8841C0-C681-4FEE-93B6-4EAE3CC1A02C}.Release|Any CPU.ActiveCfg = Release|Any CPU
		{FC8841C0-C681-4FEE-93B6-4EAE3CC1A02C}.Release|Any CPU.Build.0 = Release|Any CPU
		{47383C2B-3090-4D9C-8D0C-EC9CC61C1903}.Debug|Any CPU.ActiveCfg = Debug|Any CPU
		{47383C2B-3090-4D9C-8D0C-EC9CC61C1903}.Debug|Any CPU.Build.0 = Debug|Any CPU
		{47383C2B-3090-4D9C-8D0C-EC9CC61C1903}.Release|Any CPU.ActiveCfg = Release|Any CPU
		{47383C2B-3090-4D9C-8D0C-EC9CC61C1903}.Release|Any CPU.Build.0 = Release|Any CPU
		{65E56F13-FD74-4BC6-93A5-E8B0FFC7E073}.Debug|Any CPU.ActiveCfg = Debug|Any CPU
		{65E56F13-FD74-4BC6-93A5-E8B0FFC7E073}.Debug|Any CPU.Build.0 = Debug|Any CPU
		{65E56F13-FD74-4BC6-93A5-E8B0FFC7E073}.Release|Any CPU.ActiveCfg = Release|Any CPU
		{65E56F13-FD74-4BC6-93A5-E8B0FFC7E073}.Release|Any CPU.Build.0 = Release|Any CPU
		{31E7827B-7219-4FD1-9FB8-870B567CC411}.Debug|Any CPU.ActiveCfg = Debug|Any CPU
		{31E7827B-7219-4FD1-9FB8-870B567CC411}.Debug|Any CPU.Build.0 = Debug|Any CPU
		{31E7827B-7219-4FD1-9FB8-870B567CC411}.Release|Any CPU.ActiveCfg = Release|Any CPU
		{31E7827B-7219-4FD1-9FB8-870B567CC411}.Release|Any CPU.Build.0 = Release|Any CPU
		{B9EF3F07-9DCF-4BCE-ABB1-F92D89520FA0}.Debug|Any CPU.ActiveCfg = Debug|Any CPU
		{B9EF3F07-9DCF-4BCE-ABB1-F92D89520FA0}.Debug|Any CPU.Build.0 = Debug|Any CPU
		{B9EF3F07-9DCF-4BCE-ABB1-F92D89520FA0}.Release|Any CPU.ActiveCfg = Release|Any CPU
		{B9EF3F07-9DCF-4BCE-ABB1-F92D89520FA0}.Release|Any CPU.Build.0 = Release|Any CPU
		{95CF2E0C-D695-4DC7-A75F-B54E4A786F78}.Debug|Any CPU.ActiveCfg = Debug|Any CPU
		{95CF2E0C-D695-4DC7-A75F-B54E4A786F78}.Debug|Any CPU.Build.0 = Debug|Any CPU
		{95CF2E0C-D695-4DC7-A75F-B54E4A786F78}.Release|Any CPU.ActiveCfg = Release|Any CPU
		{95CF2E0C-D695-4DC7-A75F-B54E4A786F78}.Release|Any CPU.Build.0 = Release|Any CPU
		{3F689EC3-09E5-4A95-BC24-44DB87806219}.Debug|Any CPU.ActiveCfg = Debug|Any CPU
		{3F689EC3-09E5-4A95-BC24-44DB87806219}.Debug|Any CPU.Build.0 = Debug|Any CPU
		{3F689EC3-09E5-4A95-BC24-44DB87806219}.Release|Any CPU.ActiveCfg = Release|Any CPU
		{3F689EC3-09E5-4A95-BC24-44DB87806219}.Release|Any CPU.Build.0 = Release|Any CPU
		{C54FAD77-A3C7-4DAC-8166-B7DCEBFB907C}.Debug|Any CPU.ActiveCfg = Debug|Any CPU
		{C54FAD77-A3C7-4DAC-8166-B7DCEBFB907C}.Debug|Any CPU.Build.0 = Debug|Any CPU
		{C54FAD77-A3C7-4DAC-8166-B7DCEBFB907C}.Release|Any CPU.ActiveCfg = Release|Any CPU
		{C54FAD77-A3C7-4DAC-8166-B7DCEBFB907C}.Release|Any CPU.Build.0 = Release|Any CPU
		{EDE7A5F6-3A72-4A51-991E-EA174345FAFA}.Debug|Any CPU.ActiveCfg = Debug|Any CPU
		{EDE7A5F6-3A72-4A51-991E-EA174345FAFA}.Debug|Any CPU.Build.0 = Debug|Any CPU
		{EDE7A5F6-3A72-4A51-991E-EA174345FAFA}.Release|Any CPU.ActiveCfg = Release|Any CPU
		{EDE7A5F6-3A72-4A51-991E-EA174345FAFA}.Release|Any CPU.Build.0 = Release|Any CPU
		{63C9F370-4F25-445D-863C-C795A83FCE16}.Debug|Any CPU.ActiveCfg = Debug|Any CPU
		{63C9F370-4F25-445D-863C-C795A83FCE16}.Debug|Any CPU.Build.0 = Debug|Any CPU
		{63C9F370-4F25-445D-863C-C795A83FCE16}.Release|Any CPU.ActiveCfg = Release|Any CPU
		{63C9F370-4F25-445D-863C-C795A83FCE16}.Release|Any CPU.Build.0 = Release|Any CPU
		{BB977D1D-BAB2-44E3-B4F5-621D41D2A634}.Debug|Any CPU.ActiveCfg = Debug|Any CPU
		{BB977D1D-BAB2-44E3-B4F5-621D41D2A634}.Debug|Any CPU.Build.0 = Debug|Any CPU
		{BB977D1D-BAB2-44E3-B4F5-621D41D2A634}.Release|Any CPU.ActiveCfg = Release|Any CPU
		{BB977D1D-BAB2-44E3-B4F5-621D41D2A634}.Release|Any CPU.Build.0 = Release|Any CPU
		{5827E0B1-9914-4F72-8321-FBD7CDA1E2C7}.Debug|Any CPU.ActiveCfg = Debug|Any CPU
		{5827E0B1-9914-4F72-8321-FBD7CDA1E2C7}.Debug|Any CPU.Build.0 = Debug|Any CPU
		{5827E0B1-9914-4F72-8321-FBD7CDA1E2C7}.Release|Any CPU.ActiveCfg = Release|Any CPU
		{5827E0B1-9914-4F72-8321-FBD7CDA1E2C7}.Release|Any CPU.Build.0 = Release|Any CPU
	EndGlobalSection
	GlobalSection(SolutionProperties) = preSolution
		HideSolutionNode = FALSE
	EndGlobalSection
	GlobalSection(ExtensibilityGlobals) = postSolution
		SolutionGuid = {B7535477-1427-4DE8-A312-463904BE86C6}
	EndGlobalSection
EndGlobal
